// !$*UTF8*$!
{
	archiveVersion = 1;
	classes = {
	};
	objectVersion = 50;
	objects = {

/* Begin PBXBuildFile section */
		E91EBA09237453100069BB2C /* AppDelegate.swift in Sources */ = {isa = PBXBuildFile; fileRef = E91EBA08237453100069BB2C /* AppDelegate.swift */; };
		E91EBA0B237453100069BB2C /* SceneDelegate.swift in Sources */ = {isa = PBXBuildFile; fileRef = E91EBA0A237453100069BB2C /* SceneDelegate.swift */; };
		E91EBA0D237453100069BB2C /* ContentView.swift in Sources */ = {isa = PBXBuildFile; fileRef = E91EBA0C237453100069BB2C /* ContentView.swift */; };
		E91EBA0F237453110069BB2C /* Assets.xcassets in Resources */ = {isa = PBXBuildFile; fileRef = E91EBA0E237453110069BB2C /* Assets.xcassets */; };
		E91EBA12237453110069BB2C /* Preview Assets.xcassets in Resources */ = {isa = PBXBuildFile; fileRef = E91EBA11237453110069BB2C /* Preview Assets.xcassets */; };
		E91EBA15237453110069BB2C /* LaunchScreen.storyboard in Resources */ = {isa = PBXBuildFile; fileRef = E91EBA13237453110069BB2C /* LaunchScreen.storyboard */; };
		E91EBA1D2374533B0069BB2C /* MyTableView.storyboard in Resources */ = {isa = PBXBuildFile; fileRef = E91EBA1C2374533B0069BB2C /* MyTableView.storyboard */; };
		E91EBA20237453720069BB2C /* MyTableViewController.swift in Sources */ = {isa = PBXBuildFile; fileRef = E91EBA1F237453720069BB2C /* MyTableViewController.swift */; };
		E91EBA22237454F40069BB2C /* MyTableView.swift in Sources */ = {isa = PBXBuildFile; fileRef = E91EBA21237454F40069BB2C /* MyTableView.swift */; };
/* End PBXBuildFile section */

/* Begin PBXFileReference section */
		E91EBA05237453100069BB2C /* hMD SwiftUI UITableViewController.app */ = {isa = PBXFileReference; explicitFileType = wrapper.application; includeInIndex = 0; path = "hMD SwiftUI UITableViewController.app"; sourceTree = BUILT_PRODUCTS_DIR; };
		E91EBA08237453100069BB2C /* AppDelegate.swift */ = {isa = PBXFileReference; lastKnownFileType = sourcecode.swift; path = AppDelegate.swift; sourceTree = "<group>"; };
		E91EBA0A237453100069BB2C /* SceneDelegate.swift */ = {isa = PBXFileReference; lastKnownFileType = sourcecode.swift; path = SceneDelegate.swift; sourceTree = "<group>"; };
		E91EBA0C237453100069BB2C /* ContentView.swift */ = {isa = PBXFileReference; lastKnownFileType = sourcecode.swift; path = ContentView.swift; sourceTree = "<group>"; };
		E91EBA0E237453110069BB2C /* Assets.xcassets */ = {isa = PBXFileReference; lastKnownFileType = folder.assetcatalog; path = Assets.xcassets; sourceTree = "<group>"; };
		E91EBA11237453110069BB2C /* Preview Assets.xcassets */ = {isa = PBXFileReference; lastKnownFileType = folder.assetcatalog; path = "Preview Assets.xcassets"; sourceTree = "<group>"; };
		E91EBA14237453110069BB2C /* Base */ = {isa = PBXFileReference; lastKnownFileType = file.storyboard; name = Base; path = Base.lproj/LaunchScreen.storyboard; sourceTree = "<group>"; };
		E91EBA16237453110069BB2C /* Info.plist */ = {isa = PBXFileReference; lastKnownFileType = text.plist.xml; path = Info.plist; sourceTree = "<group>"; };
		E91EBA1C2374533B0069BB2C /* MyTableView.storyboard */ = {isa = PBXFileReference; lastKnownFileType = file.storyboard; path = MyTableView.storyboard; sourceTree = "<group>"; };
		E91EBA1F237453720069BB2C /* MyTableViewController.swift */ = {isa = PBXFileReference; lastKnownFileType = sourcecode.swift; path = MyTableViewController.swift; sourceTree = "<group>"; };
		E91EBA21237454F40069BB2C /* MyTableView.swift */ = {isa = PBXFileReference; lastKnownFileType = sourcecode.swift; path = MyTableView.swift; sourceTree = "<group>"; };
/* End PBXFileReference section */

/* Begin PBXFrameworksBuildPhase section */
		E91EBA02237453100069BB2C /* Frameworks */ = {
			isa = PBXFrameworksBuildPhase;
			buildActionMask = 2147483647;
			files = (
			);
			runOnlyForDeploymentPostprocessing = 0;
		};
/* End PBXFrameworksBuildPhase section */

/* Begin PBXGroup section */
		E91EB9FC237453100069BB2C = {
			isa = PBXGroup;
			children = (
				E91EBA07237453100069BB2C /* hMD SwiftUI UITableViewController */,
				E91EBA06237453100069BB2C /* Products */,
			);
			sourceTree = "<group>";
		};
		E91EBA06237453100069BB2C /* Products */ = {
			isa = PBXGroup;
			children = (
				E91EBA05237453100069BB2C /* hMD SwiftUI UITableViewController.app */,
			);
			name = Products;
			sourceTree = "<group>";
		};
		E91EBA07237453100069BB2C /* hMD SwiftUI UITableViewController */ = {
			isa = PBXGroup;
			children = (
				E91EBA08237453100069BB2C /* AppDelegate.swift */,
				E91EBA0A237453100069BB2C /* SceneDelegate.swift */,
				E91EBA0C237453100069BB2C /* ContentView.swift */,
				E91EBA21237454F40069BB2C /* MyTableView.swift */,
				E91EBA1E237453400069BB2C /* UIKit */,
				E91EBA0E237453110069BB2C /* Assets.xcassets */,
				E91EBA13237453110069BB2C /* LaunchScreen.storyboard */,
				E91EBA16237453110069BB2C /* Info.plist */,
				E91EBA10237453110069BB2C /* Preview Content */,
			);
			path = "hMD SwiftUI UITableViewController";
			sourceTree = "<group>";
		};
		E91EBA10237453110069BB2C /* Preview Content */ = {
			isa = PBXGroup;
			children = (
				E91EBA11237453110069BB2C /* Preview Assets.xcassets */,
			);
			path = "Preview Content";
			sourceTree = "<group>";
		};
		E91EBA1E237453400069BB2C /* UIKit */ = {
			isa = PBXGroup;
			children = (
				E91EBA1F237453720069BB2C /* MyTableViewController.swift */,
				E91EBA1C2374533B0069BB2C /* MyTableView.storyboard */,
			);
			path = UIKit;
			sourceTree = "<group>";
		};
/* End PBXGroup section */

/* Begin PBXNativeTarget section */
		E91EBA04237453100069BB2C /* hMD SwiftUI UITableViewController */ = {
			isa = PBXNativeTarget;
			buildConfigurationList = E91EBA19237453110069BB2C /* Build configuration list for PBXNativeTarget "hMD SwiftUI UITableViewController" */;
			buildPhases = (
				E91EBA01237453100069BB2C /* Sources */,
				E91EBA02237453100069BB2C /* Frameworks */,
				E91EBA03237453100069BB2C /* Resources */,
			);
			buildRules = (
			);
			dependencies = (
			);
			name = "hMD SwiftUI UITableViewController";
			productName = "hMD SwiftUI UITableViewController";
			productReference = E91EBA05237453100069BB2C /* hMD SwiftUI UITableViewController.app */;
			productType = "com.apple.product-type.application";
		};
/* End PBXNativeTarget section */

/* Begin PBXProject section */
		E91EB9FD237453100069BB2C /* Project object */ = {
			isa = PBXProject;
			attributes = {
				LastSwiftUpdateCheck = 1120;
				LastUpgradeCheck = 1120;
				ORGANIZATIONNAME = "Thomas Sillmann";
				TargetAttributes = {
					E91EBA04237453100069BB2C = {
						CreatedOnToolsVersion = 11.2;
					};
				};
			};
			buildConfigurationList = E91EBA00237453100069BB2C /* Build configuration list for PBXProject "hMD SwiftUI UITableViewController" */;
			compatibilityVersion = "Xcode 9.3";
			developmentRegion = en;
			hasScannedForEncodings = 0;
			knownRegions = (
				en,
				Base,
			);
			mainGroup = E91EB9FC237453100069BB2C;
			productRefGroup = E91EBA06237453100069BB2C /* Products */;
			projectDirPath = "";
			projectRoot = "";
			targets = (
				E91EBA04237453100069BB2C /* hMD SwiftUI UITableViewController */,
			);
		};
/* End PBXProject section */

/* Begin PBXResourcesBuildPhase section */
		E91EBA03237453100069BB2C /* Resources */ = {
			isa = PBXResourcesBuildPhase;
			buildActionMask = 2147483647;
			files = (
				E91EBA15237453110069BB2C /* LaunchScreen.storyboard in Resources */,
				E91EBA12237453110069BB2C /* Preview Assets.xcassets in Resources */,
				E91EBA1D2374533B0069BB2C /* MyTableView.storyboard in Resources */,
				E91EBA0F237453110069BB2C /* Assets.xcassets in Resources */,
			);
			runOnlyForDeploymentPostprocessing = 0;
		};
/* End PBXResourcesBuildPhase section */

/* Begin PBXSourcesBuildPhase section */
		E91EBA01237453100069BB2C /* Sources */ = {
			isa = PBXSourcesBuildPhase;
			buildActionMask = 2147483647;
			files = (
				E91EBA09237453100069BB2C /* AppDelegate.swift in Sources */,
				E91EBA22237454F40069BB2C /* MyTableView.swift in Sources */,
				E91EBA0B237453100069BB2C /* SceneDelegate.swift in Sources */,
				E91EBA0D237453100069BB2C /* ContentView.swift in Sources */,
				E91EBA20237453720069BB2C /* MyTableViewController.swift in Sources */,
			);
			runOnlyForDeploymentPostprocessing = 0;
		};
/* End PBXSourcesBuildPhase section */

/* Begin PBXVariantGroup section */
		E91EBA13237453110069BB2C /* LaunchScreen.storyboard */ = {
			isa = PBXVariantGroup;
			children = (
				E91EBA14237453110069BB2C /* Base */,
			);
			name = LaunchScreen.storyboard;
			sourceTree = "<group>";
		};
/* End PBXVariantGroup section */

/* Begin XCBuildConfiguration section */
		E91EBA17237453110069BB2C /* Debug */ = {
			isa = XCBuildConfiguration;
			buildSettings = {
				ALWAYS_SEARCH_USER_PATHS = NO;
				CLANG_ANALYZER_NONNULL = YES;
				CLANG_ANALYZER_NUMBER_OBJECT_CONVERSION = YES_AGGRESSIVE;
				CLANG_CXX_LANGUAGE_STANDARD = "gnu++14";
				CLANG_CXX_LIBRARY = "libc++";
				CLANG_ENABLE_MODULES = YES;
				CLANG_ENABLE_OBJC_ARC = YES;
				CLANG_ENABLE_OBJC_WEAK = YES;
				CLANG_WARN_BLOCK_CAPTURE_AUTORELEASING = YES;
				CLANG_WARN_BOOL_CONVERSION = YES;
				CLANG_WARN_COMMA = YES;
				CLANG_WARN_CONSTANT_CONVERSION = YES;
				CLANG_WARN_DEPRECATED_OBJC_IMPLEMENTATIONS = YES;
				CLANG_WARN_DIRECT_OBJC_ISA_USAGE = YES_ERROR;
				CLANG_WARN_DOCUMENTATION_COMMENTS = YES;
				CLANG_WARN_EMPTY_BODY = YES;
				CLANG_WARN_ENUM_CONVERSION = YES;
				CLANG_WARN_INFINITE_RECURSION = YES;
				CLANG_WARN_INT_CONVERSION = YES;
				CLANG_WARN_NON_LITERAL_NULL_CONVERSION = YES;
				CLANG_WARN_OBJC_IMPLICIT_RETAIN_SELF = YES;
				CLANG_WARN_OBJC_LITERAL_CONVERSION = YES;
				CLANG_WARN_OBJC_ROOT_CLASS = YES_ERROR;
				CLANG_WARN_RANGE_LOOP_ANALYSIS = YES;
				CLANG_WARN_STRICT_PROTOTYPES = YES;
				CLANG_WARN_SUSPICIOUS_MOVE = YES;
				CLANG_WARN_UNGUARDED_AVAILABILITY = YES_AGGRESSIVE;
				CLANG_WARN_UNREACHABLE_CODE = YES;
				CLANG_WARN__DUPLICATE_METHOD_MATCH = YES;
				COPY_PHASE_STRIP = NO;
				DEBUG_INFORMATION_FORMAT = dwarf;
				ENABLE_STRICT_OBJC_MSGSEND = YES;
				ENABLE_TESTABILITY = YES;
				GCC_C_LANGUAGE_STANDARD = gnu11;
				GCC_DYNAMIC_NO_PIC = NO;
				GCC_NO_COMMON_BLOCKS = YES;
				GCC_OPTIMIZATION_LEVEL = 0;
				GCC_PREPROCESSOR_DEFINITIONS = (
					"DEBUG=1",
					"$(inherited)",
				);
				GCC_WARN_64_TO_32_BIT_CONVERSION = YES;
				GCC_WARN_ABOUT_RETURN_TYPE = YES_ERROR;
				GCC_WARN_UNDECLARED_SELECTOR = YES;
				GCC_WARN_UNINITIALIZED_AUTOS = YES_AGGRESSIVE;
				GCC_WARN_UNUSED_FUNCTION = YES;
				GCC_WARN_UNUSED_VARIABLE = YES;
				IPHONEOS_DEPLOYMENT_TARGET = 13.2;
				MTL_ENABLE_DEBUG_INFO = INCLUDE_SOURCE;
				MTL_FAST_MATH = YES;
				ONLY_ACTIVE_ARCH = YES;
				SDKROOT = iphoneos;
				SWIFT_ACTIVE_COMPILATION_CONDITIONS = DEBUG;
				SWIFT_OPTIMIZATION_LEVEL = "-Onone";
			};
			name = Debug;
		};
		E91EBA18237453110069BB2C /* Release */ = {
			isa = XCBuildConfiguration;
			buildSettings = {
				ALWAYS_SEARCH_USER_PATHS = NO;
				CLANG_ANALYZER_NONNULL = YES;
				CLANG_ANALYZER_NUMBER_OBJECT_CONVERSION = YES_AGGRESSIVE;
				CLANG_CXX_LANGUAGE_STANDARD = "gnu++14";
				CLANG_CXX_LIBRARY = "libc++";
				CLANG_ENABLE_MODULES = YES;
				CLANG_ENABLE_OBJC_ARC = YES;
				CLANG_ENABLE_OBJC_WEAK = YES;
				CLANG_WARN_BLOCK_CAPTURE_AUTORELEASING = YES;
				CLANG_WARN_BOOL_CONVERSION = YES;
				CLANG_WARN_COMMA = YES;
				CLANG_WARN_CONSTANT_CONVERSION = YES;
				CLANG_WARN_DEPRECATED_OBJC_IMPLEMENTATIONS = YES;
				CLANG_WARN_DIRECT_OBJC_ISA_USAGE = YES_ERROR;
				CLANG_WARN_DOCUMENTATION_COMMENTS = YES;
				CLANG_WARN_EMPTY_BODY = YES;
				CLANG_WARN_ENUM_CONVERSION = YES;
				CLANG_WARN_INFINITE_RECURSION = YES;
				CLANG_WARN_INT_CONVERSION = YES;
				CLANG_WARN_NON_LITERAL_NULL_CONVERSION = YES;
				CLANG_WARN_OBJC_IMPLICIT_RETAIN_SELF = YES;
				CLANG_WARN_OBJC_LITERAL_CONVERSION = YES;
				CLANG_WARN_OBJC_ROOT_CLASS = YES_ERROR;
				CLANG_WARN_RANGE_LOOP_ANALYSIS = YES;
				CLANG_WARN_STRICT_PROTOTYPES = YES;
				CLANG_WARN_SUSPICIOUS_MOVE = YES;
				CLANG_WARN_UNGUARDED_AVAILABILITY = YES_AGGRESSIVE;
				CLANG_WARN_UNREACHABLE_CODE = YES;
				CLANG_WARN__DUPLICATE_METHOD_MATCH = YES;
				COPY_PHASE_STRIP = NO;
				DEBUG_INFORMATION_FORMAT = "dwarf-with-dsym";
				ENABLE_NS_ASSERTIONS = NO;
				ENABLE_STRICT_OBJC_MSGSEND = YES;
				GCC_C_LANGUAGE_STANDARD = gnu11;
				GCC_NO_COMMON_BLOCKS = YES;
				GCC_WARN_64_TO_32_BIT_CONVERSION = YES;
				GCC_WARN_ABOUT_RETURN_TYPE = YES_ERROR;
				GCC_WARN_UNDECLARED_SELECTOR = YES;
				GCC_WARN_UNINITIALIZED_AUTOS = YES_AGGRESSIVE;
				GCC_WARN_UNUSED_FUNCTION = YES;
				GCC_WARN_UNUSED_VARIABLE = YES;
				IPHONEOS_DEPLOYMENT_TARGET = 13.2;
				MTL_ENABLE_DEBUG_INFO = NO;
				MTL_FAST_MATH = YES;
				SDKROOT = iphoneos;
				SWIFT_COMPILATION_MODE = wholemodule;
				SWIFT_OPTIMIZATION_LEVEL = "-O";
				VALIDATE_PRODUCT = YES;
			};
			name = Release;
		};
		E91EBA1A237453110069BB2C /* Debug */ = {
			isa = XCBuildConfiguration;
			buildSettings = {
				ASSETCATALOG_COMPILER_APPICON_NAME = AppIcon;
				CODE_SIGN_STYLE = Automatic;
				DEVELOPMENT_ASSET_PATHS = "\"hMD SwiftUI UITableViewController/Preview Content\"";
				DEVELOPMENT_TEAM = 2S49FR3REP;
				ENABLE_PREVIEWS = YES;
				INFOPLIST_FILE = "hMD SwiftUI UITableViewController/Info.plist";
				LD_RUNPATH_SEARCH_PATHS = (
					"$(inherited)",
					"@executable_path/Frameworks",
				);
				PRODUCT_BUNDLE_IDENTIFIER = "de.thomassillmann.hMD-SwiftUI-UITableViewController";
				PRODUCT_NAME = "$(TARGET_NAME)";
				SWIFT_VERSION = 5.0;
				TARGETED_DEVICE_FAMILY = "1,2";
			};
			name = Debug;
		};
		E91EBA1B237453110069BB2C /* Release */ = {
			isa = XCBuildConfiguration;
			buildSettings = {
				ASSETCATALOG_COMPILER_APPICON_NAME = AppIcon;
				CODE_SIGN_STYLE = Automatic;
				DEVELOPMENT_ASSET_PATHS = "\"hMD SwiftUI UITableViewController/Preview Content\"";
				DEVELOPMENT_TEAM = 2S49FR3REP;
				ENABLE_PREVIEWS = YES;
				INFOPLIST_FILE = "hMD SwiftUI UITableViewController/Info.plist";
				LD_RUNPATH_SEARCH_PATHS = (
					"$(inherited)",
					"@executable_path/Frameworks",
				);
				PRODUCT_BUNDLE_IDENTIFIER = "de.thomassillmann.hMD-SwiftUI-UITableViewController";
				PRODUCT_NAME = "$(TARGET_NAME)";
				SWIFT_VERSION = 5.0;
				TARGETED_DEVICE_FAMILY = "1,2";
			};
			name = Release;
		};
/* End XCBuildConfiguration section */

/* Begin XCConfigurationList section */
		E91EBA00237453100069BB2C /* Build configuration list for PBXProject "hMD SwiftUI UITableViewController" */ = {
			isa = XCConfigurationList;
			buildConfigurations = (
				E91EBA17237453110069BB2C /* Debug */,
				E91EBA18237453110069BB2C /* Release */,
			);
			defaultConfigurationIsVisible = 0;
			defaultConfigurationName = Release;
		};
		E91EBA19237453110069BB2C /* Build configuration list for PBXNativeTarget "hMD SwiftUI UITableViewController" */ = {
			isa = XCConfigurationList;
			buildConfigurations = (
				E91EBA1A237453110069BB2C /* Debug */,
				E91EBA1B237453110069BB2C /* Release */,
			);
			defaultConfigurationIsVisible = 0;
			defaultConfigurationName = Release;
		};
/* End XCConfigurationList section */
	};
	rootObject = E91EB9FD237453100069BB2C /* Project object */;
}
